<?xml version="1.0" encoding="UTF-8"?>
<!DOCTYPE plist PUBLIC "-//Apple//DTD PLIST 1.0//EN" "http://www.apple.com/DTDs/PropertyList-1.0.dtd">
<plist version="1.0">
<dict>
	<key>archiveVersion</key>
	<string>1</string>
	<key>classes</key>
	<dict/>
	<key>objectVersion</key>
	<string>46</string>
	<key>objects</key>
	<dict>
		<key>0D04353C1A31C4C6E04BDAC3</key>
		<dict>
			<key>buildActionMask</key>
			<string>2147483647</string>
			<key>files</key>
			<array/>
			<key>inputPaths</key>
			<array/>
			<key>isa</key>
			<string>PBXShellScriptBuildPhase</string>
			<key>name</key>
			<string>[CP] Embed Pods Frameworks</string>
			<key>outputPaths</key>
			<array/>
			<key>runOnlyForDeploymentPostprocessing</key>
			<string>0</string>
			<key>shellPath</key>
			<string>/bin/sh</string>
			<key>shellScript</key>
			<string>"${SRCROOT}/Pods/Target Support Files/Pods-Accessibility_TrainingTests/Pods-Accessibility_TrainingTests-frameworks.sh"
</string>
			<key>showEnvVarsInLog</key>
			<string>0</string>
		</dict>
		<key>0FA741E427758D2B28D39A09</key>
		<dict>
			<key>includeInIndex</key>
			<string>1</string>
			<key>isa</key>
			<string>PBXFileReference</string>
			<key>lastKnownFileType</key>
			<string>text.xcconfig</string>
			<key>name</key>
			<string>Pods-Accessibility_TrainingTests.release.xcconfig</string>
			<key>path</key>
			<string>Pods/Target Support Files/Pods-Accessibility_TrainingTests/Pods-Accessibility_TrainingTests.release.xcconfig</string>
			<key>sourceTree</key>
			<string>&lt;group&gt;</string>
		</dict>
		<key>10A6A998B1FF9559970DFAF2</key>
		<dict>
			<key>buildActionMask</key>
			<string>2147483647</string>
			<key>files</key>
			<array/>
			<key>inputPaths</key>
			<array/>
			<key>isa</key>
			<string>PBXShellScriptBuildPhase</string>
			<key>name</key>
			<string>[CP] Copy Pods Resources</string>
			<key>outputPaths</key>
			<array/>
			<key>runOnlyForDeploymentPostprocessing</key>
			<string>0</string>
			<key>shellPath</key>
			<string>/bin/sh</string>
			<key>shellScript</key>
			<string>"${SRCROOT}/Pods/Target Support Files/Pods-Accessibility_Training/Pods-Accessibility_Training-resources.sh"
</string>
			<key>showEnvVarsInLog</key>
			<string>0</string>
		</dict>
		<key>10EE69813191FBDA529562FA</key>
		<dict>
			<key>buildActionMask</key>
			<string>2147483647</string>
			<key>files</key>
			<array/>
			<key>inputPaths</key>
			<array/>
			<key>isa</key>
			<string>PBXShellScriptBuildPhase</string>
			<key>name</key>
			<string>[CP] Embed Pods Frameworks</string>
			<key>outputPaths</key>
			<array/>
			<key>runOnlyForDeploymentPostprocessing</key>
			<string>0</string>
			<key>shellPath</key>
			<string>/bin/sh</string>
			<key>shellScript</key>
			<string>"${SRCROOT}/Pods/Target Support Files/Pods-Accessibility_Training/Pods-Accessibility_Training-frameworks.sh"
</string>
			<key>showEnvVarsInLog</key>
			<string>0</string>
		</dict>
		<key>1439284C14D5129B956DE4A9</key>
		<dict>
			<key>includeInIndex</key>
			<string>1</string>
			<key>isa</key>
			<string>PBXFileReference</string>
			<key>lastKnownFileType</key>
			<string>text.xcconfig</string>
			<key>name</key>
			<string>Pods-Accessibility_TrainingUITests.release.xcconfig</string>
			<key>path</key>
			<string>Pods/Target Support Files/Pods-Accessibility_TrainingUITests/Pods-Accessibility_TrainingUITests.release.xcconfig</string>
			<key>sourceTree</key>
			<string>&lt;group&gt;</string>
		</dict>
		<key>162483F66322D7240F739612</key>
		<dict>
			<key>buildActionMask</key>
			<string>2147483647</string>
			<key>files</key>
			<array/>
			<key>inputPaths</key>
			<array/>
			<key>isa</key>
			<string>PBXShellScriptBuildPhase</string>
			<key>name</key>
			<string>[CP] Copy Pods Resources</string>
			<key>outputPaths</key>
			<array/>
			<key>runOnlyForDeploymentPostprocessing</key>
			<string>0</string>
			<key>shellPath</key>
			<string>/bin/sh</string>
			<key>shellScript</key>
			<string>"${SRCROOT}/Pods/Target Support Files/Pods-Accessibility_TrainingUITests/Pods-Accessibility_TrainingUITests-resources.sh"
</string>
			<key>showEnvVarsInLog</key>
			<string>0</string>
		</dict>
		<key>2A6A603F006B56612AD36C68</key>
		<dict>
			<key>children</key>
			<array>
				<string>4DFD5F7CF8751FDF11E90137</string>
				<string>A7E3E27E70F4BC8FC489AE7E</string>
				<string>2D9FD80BE2C9D2F941EE25B5</string>
			</array>
			<key>isa</key>
			<string>PBXGroup</string>
			<key>name</key>
			<string>Frameworks</string>
			<key>sourceTree</key>
			<string>&lt;group&gt;</string>
		</dict>
		<key>2B70238596A38C8388DA1F58</key>
		<dict>
			<key>buildActionMask</key>
			<string>2147483647</string>
			<key>files</key>
			<array/>
			<key>inputPaths</key>
			<array/>
			<key>isa</key>
			<string>PBXShellScriptBuildPhase</string>
			<key>name</key>
			<string>[CP] Check Pods Manifest.lock</string>
			<key>outputPaths</key>
			<array/>
			<key>runOnlyForDeploymentPostprocessing</key>
			<string>0</string>
			<key>shellPath</key>
			<string>/bin/sh</string>
			<key>shellScript</key>
			<string>diff "${PODS_ROOT}/../Podfile.lock" "${PODS_ROOT}/Manifest.lock" &gt; /dev/null
if [[ $? != 0 ]] ; then
    cat &lt;&lt; EOM
error: The sandbox is not in sync with the Podfile.lock. Run 'pod install' or update your CocoaPods installation.
EOM
    exit 1
fi
</string>
			<key>showEnvVarsInLog</key>
			<string>0</string>
		</dict>
		<key>2D9FD80BE2C9D2F941EE25B5</key>
		<dict>
			<key>explicitFileType</key>
			<string>wrapper.framework</string>
			<key>includeInIndex</key>
			<string>0</string>
			<key>isa</key>
			<string>PBXFileReference</string>
			<key>path</key>
			<string>Pods_Accessibility_TrainingUITests.framework</string>
			<key>sourceTree</key>
			<string>BUILT_PRODUCTS_DIR</string>
		</dict>
		<key>31A827A393E7C54F194821EC</key>
		<dict>
			<key>includeInIndex</key>
			<string>1</string>
			<key>isa</key>
			<string>PBXFileReference</string>
			<key>lastKnownFileType</key>
			<string>text.xcconfig</string>
			<key>name</key>
			<string>Pods-Accessibility_Training.debug.xcconfig</string>
			<key>path</key>
			<string>Pods/Target Support Files/Pods-Accessibility_Training/Pods-Accessibility_Training.debug.xcconfig</string>
			<key>sourceTree</key>
			<string>&lt;group&gt;</string>
		</dict>
		<key>45CF35707D31E11A65746DA0</key>
		<dict>
			<key>buildActionMask</key>
			<string>2147483647</string>
			<key>files</key>
			<array/>
			<key>inputPaths</key>
			<array/>
			<key>isa</key>
			<string>PBXShellScriptBuildPhase</string>
			<key>name</key>
			<string>[CP] Check Pods Manifest.lock</string>
			<key>outputPaths</key>
			<array/>
			<key>runOnlyForDeploymentPostprocessing</key>
			<string>0</string>
			<key>shellPath</key>
			<string>/bin/sh</string>
			<key>shellScript</key>
			<string>diff "${PODS_ROOT}/../Podfile.lock" "${PODS_ROOT}/Manifest.lock" &gt; /dev/null
if [[ $? != 0 ]] ; then
    cat &lt;&lt; EOM
error: The sandbox is not in sync with the Podfile.lock. Run 'pod install' or update your CocoaPods installation.
EOM
    exit 1
fi
</string>
			<key>showEnvVarsInLog</key>
			<string>0</string>
		</dict>
		<key>4DFD5F7CF8751FDF11E90137</key>
		<dict>
			<key>explicitFileType</key>
			<string>wrapper.framework</string>
			<key>includeInIndex</key>
			<string>0</string>
			<key>isa</key>
			<string>PBXFileReference</string>
			<key>path</key>
			<string>Pods_Accessibility_Training.framework</string>
			<key>sourceTree</key>
			<string>BUILT_PRODUCTS_DIR</string>
		</dict>
		<key>4EA7BA69FF3CE823085851AC</key>
		<dict>
			<key>includeInIndex</key>
			<string>1</string>
			<key>isa</key>
			<string>PBXFileReference</string>
			<key>lastKnownFileType</key>
			<string>text.xcconfig</string>
			<key>name</key>
			<string>Pods-Accessibility_TrainingTests.debug.xcconfig</string>
			<key>path</key>
			<string>Pods/Target Support Files/Pods-Accessibility_TrainingTests/Pods-Accessibility_TrainingTests.debug.xcconfig</string>
			<key>sourceTree</key>
			<string>&lt;group&gt;</string>
		</dict>
		<key>708BE0274C767ECF9A88F56F</key>
		<dict>
			<key>includeInIndex</key>
			<string>1</string>
			<key>isa</key>
			<string>PBXFileReference</string>
			<key>lastKnownFileType</key>
			<string>text.xcconfig</string>
			<key>name</key>
			<string>Pods-Accessibility_Training.release.xcconfig</string>
			<key>path</key>
			<string>Pods/Target Support Files/Pods-Accessibility_Training/Pods-Accessibility_Training.release.xcconfig</string>
			<key>sourceTree</key>
			<string>&lt;group&gt;</string>
		</dict>
		<key>8549F2CCF7E07F98A5E97929</key>
		<dict>
			<key>includeInIndex</key>
			<string>1</string>
			<key>isa</key>
			<string>PBXFileReference</string>
			<key>lastKnownFileType</key>
			<string>text.xcconfig</string>
			<key>name</key>
			<string>Pods-Accessibility_TrainingUITests.debug.xcconfig</string>
			<key>path</key>
			<string>Pods/Target Support Files/Pods-Accessibility_TrainingUITests/Pods-Accessibility_TrainingUITests.debug.xcconfig</string>
			<key>sourceTree</key>
			<string>&lt;group&gt;</string>
		</dict>
		<key>854B5CC7FAC216D426B4C3A2</key>
		<dict>
			<key>fileRef</key>
			<string>4DFD5F7CF8751FDF11E90137</string>
			<key>isa</key>
			<string>PBXBuildFile</string>
		</dict>
		<key>930067A5EF556CD650A26F3F</key>
		<dict>
			<key>buildActionMask</key>
			<string>2147483647</string>
			<key>files</key>
			<array/>
			<key>inputPaths</key>
			<array/>
			<key>isa</key>
			<string>PBXShellScriptBuildPhase</string>
			<key>name</key>
			<string>[CP] Copy Pods Resources</string>
			<key>outputPaths</key>
			<array/>
			<key>runOnlyForDeploymentPostprocessing</key>
			<string>0</string>
			<key>shellPath</key>
			<string>/bin/sh</string>
			<key>shellScript</key>
			<string>"${SRCROOT}/Pods/Target Support Files/Pods-Accessibility_TrainingTests/Pods-Accessibility_TrainingTests-resources.sh"
</string>
			<key>showEnvVarsInLog</key>
			<string>0</string>
		</dict>
		<key>A7E3E27E70F4BC8FC489AE7E</key>
		<dict>
			<key>explicitFileType</key>
			<string>wrapper.framework</string>
			<key>includeInIndex</key>
			<string>0</string>
			<key>isa</key>
			<string>PBXFileReference</string>
			<key>path</key>
			<string>Pods_Accessibility_TrainingTests.framework</string>
			<key>sourceTree</key>
			<string>BUILT_PRODUCTS_DIR</string>
		</dict>
		<key>B435FBBC939B37EC836B4B1B</key>
		<dict>
			<key>children</key>
			<array>
				<string>31A827A393E7C54F194821EC</string>
				<string>708BE0274C767ECF9A88F56F</string>
				<string>4EA7BA69FF3CE823085851AC</string>
				<string>0FA741E427758D2B28D39A09</string>
				<string>8549F2CCF7E07F98A5E97929</string>
				<string>1439284C14D5129B956DE4A9</string>
			</array>
			<key>isa</key>
			<string>PBXGroup</string>
			<key>name</key>
			<string>Pods</string>
			<key>sourceTree</key>
			<string>&lt;group&gt;</string>
		</dict>
		<key>BE1F30F61DA0B5FA002C4844</key>
		<dict>
			<key>fileEncoding</key>
			<string>4</string>
			<key>isa</key>
			<string>PBXFileReference</string>
			<key>lastKnownFileType</key>
			<string>sourcecode.swift</string>
			<key>path</key>
			<string>ATDocument.swift</string>
			<key>sourceTree</key>
			<string>&lt;group&gt;</string>
		</dict>
		<key>BE1F30F71DA0B5FA002C4844</key>
		<dict>
			<key>fileEncoding</key>
			<string>4</string>
			<key>isa</key>
			<string>PBXFileReference</string>
			<key>lastKnownFileType</key>
			<string>sourcecode.swift</string>
			<key>path</key>
			<string>ContentsRowCell.swift</string>
			<key>sourceTree</key>
			<string>&lt;group&gt;</string>
		</dict>
		<key>BE1F30F81DA0B5FA002C4844</key>
		<dict>
			<key>fileEncoding</key>
			<string>4</string>
			<key>isa</key>
			<string>PBXFileReference</string>
			<key>lastKnownFileType</key>
			<string>sourcecode.swift</string>
			<key>path</key>
			<string>UnorderedListRowCell.swift</string>
			<key>sourceTree</key>
			<string>&lt;group&gt;</string>
		</dict>
		<key>BE1F30F91DA0B5FA002C4844</key>
		<dict>
			<key>fileEncoding</key>
			<string>4</string>
			<key>isa</key>
			<string>PBXFileReference</string>
			<key>lastKnownFileType</key>
			<string>sourcecode.swift</string>
			<key>path</key>
			<string>OrderedListRowCell.swift</string>
			<key>sourceTree</key>
			<string>&lt;group&gt;</string>
		</dict>
		<key>BE1F30FA1DA0B5FA002C4844</key>
		<dict>
			<key>fileEncoding</key>
			<string>4</string>
			<key>isa</key>
			<string>PBXFileReference</string>
			<key>lastKnownFileType</key>
			<string>sourcecode.swift</string>
			<key>path</key>
			<string>UnorderedListCell.swift</string>
			<key>sourceTree</key>
			<string>&lt;group&gt;</string>
		</dict>
		<key>BE1F30FB1DA0B5FA002C4844</key>
		<dict>
			<key>fileEncoding</key>
			<string>4</string>
			<key>isa</key>
			<string>PBXFileReference</string>
			<key>lastKnownFileType</key>
			<string>sourcecode.swift</string>
			<key>path</key>
			<string>ContentListRow.swift</string>
			<key>sourceTree</key>
			<string>&lt;group&gt;</string>
		</dict>
		<key>BE1F30FC1DA0B5FA002C4844</key>
		<dict>
			<key>fileEncoding</key>
			<string>4</string>
			<key>isa</key>
			<string>PBXFileReference</string>
			<key>lastKnownFileType</key>
			<string>sourcecode.swift</string>
			<key>path</key>
			<string>ContentList.swift</string>
			<key>sourceTree</key>
			<string>&lt;group&gt;</string>
		</dict>
		<key>BE1F30FD1DA0B5FA002C4844</key>
		<dict>
			<key>fileEncoding</key>
			<string>4</string>
			<key>isa</key>
			<string>PBXFileReference</string>
			<key>lastKnownFileType</key>
			<string>sourcecode.swift</string>
			<key>path</key>
			<string>UnorderedRow.swift</string>
			<key>sourceTree</key>
			<string>&lt;group&gt;</string>
		</dict>
		<key>BE1F30FE1DA0B5FA002C4844</key>
		<dict>
			<key>fileEncoding</key>
			<string>4</string>
			<key>isa</key>
			<string>PBXFileReference</string>
			<key>lastKnownFileType</key>
			<string>sourcecode.swift</string>
			<key>path</key>
			<string>OrderedRow.swift</string>
			<key>sourceTree</key>
			<string>&lt;group&gt;</string>
		</dict>
		<key>BE1F30FF1DA0B5FA002C4844</key>
		<dict>
			<key>fileEncoding</key>
			<string>4</string>
			<key>isa</key>
			<string>PBXFileReference</string>
			<key>lastKnownFileType</key>
			<string>sourcecode.swift</string>
			<key>path</key>
			<string>ContentRow.swift</string>
			<key>sourceTree</key>
			<string>&lt;group&gt;</string>
		</dict>
		<key>BE1F31001DA0B5FA002C4844</key>
		<dict>
			<key>fileEncoding</key>
			<string>4</string>
			<key>isa</key>
			<string>PBXFileReference</string>
			<key>lastKnownFileType</key>
			<string>sourcecode.swift</string>
			<key>path</key>
			<string>OrderedListCell.swift</string>
			<key>sourceTree</key>
			<string>&lt;group&gt;</string>
		</dict>
		<key>BE1F31011DA0B5FA002C4844</key>
		<dict>
			<key>children</key>
			<array>
				<string>BE1F31021DA0B5FA002C4844</string>
				<string>BE1F31041DA0B5FA002C4844</string>
			</array>
			<key>isa</key>
			<string>PBXGroup</string>
			<key>path</key>
			<string>Base.lproj</string>
			<key>sourceTree</key>
			<string>&lt;group&gt;</string>
		</dict>
		<key>BE1F31021DA0B5FA002C4844</key>
		<dict>
			<key>children</key>
			<array>
				<string>BE1F31031DA0B5FA002C4844</string>
			</array>
			<key>isa</key>
			<string>PBXVariantGroup</string>
			<key>name</key>
			<string>LaunchScreen.storyboard</string>
			<key>sourceTree</key>
			<string>&lt;group&gt;</string>
		</dict>
		<key>BE1F31031DA0B5FA002C4844</key>
		<dict>
			<key>isa</key>
			<string>PBXFileReference</string>
			<key>lastKnownFileType</key>
			<string>file.storyboard</string>
			<key>name</key>
			<string>Base</string>
			<key>path</key>
			<string>LaunchScreen.storyboard</string>
			<key>sourceTree</key>
			<string>&lt;group&gt;</string>
		</dict>
		<key>BE1F31041DA0B5FA002C4844</key>
		<dict>
			<key>children</key>
			<array>
				<string>BE1F31051DA0B5FA002C4844</string>
			</array>
			<key>isa</key>
			<string>PBXVariantGroup</string>
			<key>name</key>
			<string>Main.storyboard</string>
			<key>sourceTree</key>
			<string>&lt;group&gt;</string>
		</dict>
		<key>BE1F31051DA0B5FA002C4844</key>
		<dict>
			<key>isa</key>
			<string>PBXFileReference</string>
			<key>lastKnownFileType</key>
			<string>file.storyboard</string>
			<key>name</key>
			<string>Base</string>
			<key>path</key>
			<string>Main.storyboard</string>
			<key>sourceTree</key>
			<string>&lt;group&gt;</string>
		</dict>
		<key>BE1F31061DA0B5FA002C4844</key>
		<dict>
			<key>fileEncoding</key>
			<string>4</string>
			<key>isa</key>
			<string>PBXFileReference</string>
			<key>lastKnownFileType</key>
			<string>sourcecode.swift</string>
			<key>path</key>
			<string>ATDocumentViewController.swift</string>
			<key>sourceTree</key>
			<string>&lt;group&gt;</string>
		</dict>
		<key>BE1F31071DA0B5FA002C4844</key>
		<dict>
			<key>fileEncoding</key>
			<string>4</string>
			<key>isa</key>
			<string>PBXFileReference</string>
			<key>lastKnownFileType</key>
			<string>text.json</string>
			<key>path</key>
			<string>table_details.json</string>
			<key>sourceTree</key>
			<string>&lt;group&gt;</string>
		</dict>
		<key>BE1F31081DA0B5FA002C4844</key>
		<dict>
			<key>fileEncoding</key>
			<string>4</string>
			<key>isa</key>
			<string>PBXFileReference</string>
			<key>lastKnownFileType</key>
			<string>sourcecode.swift</string>
			<key>path</key>
			<string>ParagraphRow.swift</string>
			<key>sourceTree</key>
			<string>&lt;group&gt;</string>
		</dict>
		<key>BE1F31091DA0B5FA002C4844</key>
		<dict>
			<key>fileEncoding</key>
			<string>4</string>
			<key>isa</key>
			<string>PBXFileReference</string>
			<key>lastKnownFileType</key>
			<string>text.json</string>
			<key>path</key>
			<string>table_details_orig.json</string>
			<key>sourceTree</key>
			<string>&lt;group&gt;</string>
		</dict>
		<key>BE1F310A1DA0B5FA002C4844</key>
		<dict>
			<key>fileEncoding</key>
			<string>4</string>
			<key>isa</key>
			<string>PBXFileReference</string>
			<key>lastKnownFileType</key>
			<string>sourcecode.swift</string>
			<key>path</key>
			<string>UnorderedList.swift</string>
			<key>sourceTree</key>
			<string>&lt;group&gt;</string>
		</dict>
		<key>BE1F310B1DA0B5FA002C4844</key>
		<dict>
			<key>fileEncoding</key>
			<string>4</string>
			<key>isa</key>
			<string>PBXFileReference</string>
			<key>lastKnownFileType</key>
			<string>sourcecode.swift</string>
			<key>path</key>
			<string>OrderedList.swift</string>
			<key>sourceTree</key>
			<string>&lt;group&gt;</string>
		</dict>
		<key>BE1F310C1DA0B5FA002C4844</key>
		<dict>
			<key>fileEncoding</key>
			<string>4</string>
			<key>isa</key>
			<string>PBXFileReference</string>
			<key>lastKnownFileType</key>
			<string>sourcecode.swift</string>
			<key>path</key>
			<string>SpacerRow.swift</string>
			<key>sourceTree</key>
			<string>&lt;group&gt;</string>
		</dict>
		<key>BE1F310D1DA0B5FA002C4844</key>
		<dict>
			<key>fileEncoding</key>
			<string>4</string>
			<key>isa</key>
			<string>PBXFileReference</string>
			<key>lastKnownFileType</key>
			<string>sourcecode.swift</string>
			<key>path</key>
			<string>HeadingRow.swift</string>
			<key>sourceTree</key>
			<string>&lt;group&gt;</string>
		</dict>
		<key>BE1F310E1DA0B5FA002C4844</key>
		<dict>
			<key>fileEncoding</key>
			<string>4</string>
			<key>isa</key>
			<string>PBXFileReference</string>
			<key>lastKnownFileType</key>
			<string>sourcecode.swift</string>
			<key>path</key>
			<string>BaseRow.swift</string>
			<key>sourceTree</key>
			<string>&lt;group&gt;</string>
		</dict>
		<key>BE1F310F1DA0B5FA002C4844</key>
		<dict>
			<key>fileEncoding</key>
			<string>4</string>
			<key>isa</key>
			<string>PBXFileReference</string>
			<key>lastKnownFileType</key>
			<string>sourcecode.swift</string>
			<key>path</key>
			<string>ContentsListCell.swift</string>
			<key>sourceTree</key>
			<string>&lt;group&gt;</string>
		</dict>
		<key>BE1F31101DA0B5FA002C4844</key>
		<dict>
			<key>fileEncoding</key>
			<string>4</string>
			<key>isa</key>
			<string>PBXFileReference</string>
			<key>lastKnownFileType</key>
			<string>sourcecode.swift</string>
			<key>path</key>
			<string>SpacerTableViewCell.swift</string>
			<key>sourceTree</key>
			<string>&lt;group&gt;</string>
		</dict>
		<key>BE1F31111DA0B5FA002C4844</key>
		<dict>
			<key>fileEncoding</key>
			<string>4</string>
			<key>isa</key>
			<string>PBXFileReference</string>
			<key>lastKnownFileType</key>
			<string>sourcecode.swift</string>
			<key>path</key>
			<string>HeadingTableViewCell.swift</string>
			<key>sourceTree</key>
			<string>&lt;group&gt;</string>
		</dict>
		<key>BE1F31121DA0B5FA002C4844</key>
		<dict>
			<key>fileEncoding</key>
			<string>4</string>
			<key>isa</key>
			<string>PBXFileReference</string>
			<key>lastKnownFileType</key>
			<string>sourcecode.swift</string>
			<key>path</key>
			<string>ParagraphTableViewCell.swift</string>
			<key>sourceTree</key>
			<string>&lt;group&gt;</string>
		</dict>
		<key>BE1F31131DA0B5FA002C4844</key>
		<dict>
			<key>fileEncoding</key>
			<string>4</string>
			<key>isa</key>
			<string>PBXFileReference</string>
			<key>lastKnownFileType</key>
			<string>sourcecode.swift</string>
			<key>path</key>
			<string>BaseTableViewCell.swift</string>
			<key>sourceTree</key>
			<string>&lt;group&gt;</string>
		</dict>
		<key>BE1F31141DA0B5FA002C4844</key>
		<dict>
			<key>isa</key>
			<string>PBXFileReference</string>
			<key>lastKnownFileType</key>
			<string>folder.assetcatalog</string>
			<key>path</key>
			<string>Assets.xcassets</string>
			<key>sourceTree</key>
			<string>&lt;group&gt;</string>
		</dict>
		<key>BE1F31161DA0B5FA002C4844</key>
		<dict>
			<key>fileRef</key>
			<string>BE1F30F61DA0B5FA002C4844</string>
			<key>isa</key>
			<string>PBXBuildFile</string>
		</dict>
		<key>BE1F31171DA0B5FA002C4844</key>
		<dict>
			<key>fileRef</key>
			<string>BE1F30F71DA0B5FA002C4844</string>
			<key>isa</key>
			<string>PBXBuildFile</string>
		</dict>
		<key>BE1F31181DA0B5FA002C4844</key>
		<dict>
			<key>fileRef</key>
			<string>BE1F30F81DA0B5FA002C4844</string>
			<key>isa</key>
			<string>PBXBuildFile</string>
		</dict>
		<key>BE1F31191DA0B5FA002C4844</key>
		<dict>
			<key>fileRef</key>
			<string>BE1F30F91DA0B5FA002C4844</string>
			<key>isa</key>
			<string>PBXBuildFile</string>
		</dict>
		<key>BE1F311A1DA0B5FA002C4844</key>
		<dict>
			<key>fileRef</key>
			<string>BE1F30FA1DA0B5FA002C4844</string>
			<key>isa</key>
			<string>PBXBuildFile</string>
		</dict>
		<key>BE1F311B1DA0B5FA002C4844</key>
		<dict>
			<key>fileRef</key>
			<string>BE1F30FB1DA0B5FA002C4844</string>
			<key>isa</key>
			<string>PBXBuildFile</string>
		</dict>
		<key>BE1F311C1DA0B5FA002C4844</key>
		<dict>
			<key>fileRef</key>
			<string>BE1F30FC1DA0B5FA002C4844</string>
			<key>isa</key>
			<string>PBXBuildFile</string>
		</dict>
		<key>BE1F311D1DA0B5FA002C4844</key>
		<dict>
			<key>fileRef</key>
			<string>BE1F30FD1DA0B5FA002C4844</string>
			<key>isa</key>
			<string>PBXBuildFile</string>
		</dict>
		<key>BE1F311E1DA0B5FA002C4844</key>
		<dict>
			<key>fileRef</key>
			<string>BE1F30FE1DA0B5FA002C4844</string>
			<key>isa</key>
			<string>PBXBuildFile</string>
		</dict>
		<key>BE1F311F1DA0B5FA002C4844</key>
		<dict>
			<key>fileRef</key>
			<string>BE1F30FF1DA0B5FA002C4844</string>
			<key>isa</key>
			<string>PBXBuildFile</string>
		</dict>
		<key>BE1F31201DA0B5FA002C4844</key>
		<dict>
			<key>fileRef</key>
			<string>BE1F31001DA0B5FA002C4844</string>
			<key>isa</key>
			<string>PBXBuildFile</string>
		</dict>
		<key>BE1F31211DA0B5FA002C4844</key>
		<dict>
			<key>fileRef</key>
			<string>BE1F31021DA0B5FA002C4844</string>
			<key>isa</key>
			<string>PBXBuildFile</string>
		</dict>
		<key>BE1F31221DA0B5FA002C4844</key>
		<dict>
			<key>fileRef</key>
			<string>BE1F31041DA0B5FA002C4844</string>
			<key>isa</key>
			<string>PBXBuildFile</string>
		</dict>
		<key>BE1F31231DA0B5FA002C4844</key>
		<dict>
			<key>fileRef</key>
			<string>BE1F31061DA0B5FA002C4844</string>
			<key>isa</key>
			<string>PBXBuildFile</string>
		</dict>
		<key>BE1F31241DA0B5FA002C4844</key>
		<dict>
			<key>fileRef</key>
			<string>BE1F31071DA0B5FA002C4844</string>
			<key>isa</key>
			<string>PBXBuildFile</string>
		</dict>
		<key>BE1F31251DA0B5FA002C4844</key>
		<dict>
			<key>fileRef</key>
			<string>BE1F31081DA0B5FA002C4844</string>
			<key>isa</key>
			<string>PBXBuildFile</string>
		</dict>
		<key>BE1F31261DA0B5FA002C4844</key>
		<dict>
			<key>fileRef</key>
			<string>BE1F31091DA0B5FA002C4844</string>
			<key>isa</key>
			<string>PBXBuildFile</string>
		</dict>
		<key>BE1F31271DA0B5FA002C4844</key>
		<dict>
			<key>fileRef</key>
			<string>BE1F310A1DA0B5FA002C4844</string>
			<key>isa</key>
			<string>PBXBuildFile</string>
		</dict>
		<key>BE1F31281DA0B5FA002C4844</key>
		<dict>
			<key>fileRef</key>
			<string>BE1F310B1DA0B5FA002C4844</string>
			<key>isa</key>
			<string>PBXBuildFile</string>
		</dict>
		<key>BE1F31291DA0B5FA002C4844</key>
		<dict>
			<key>fileRef</key>
			<string>BE1F310C1DA0B5FA002C4844</string>
			<key>isa</key>
			<string>PBXBuildFile</string>
		</dict>
		<key>BE1F312A1DA0B5FA002C4844</key>
		<dict>
			<key>fileRef</key>
			<string>BE1F310D1DA0B5FA002C4844</string>
			<key>isa</key>
			<string>PBXBuildFile</string>
		</dict>
		<key>BE1F312B1DA0B5FA002C4844</key>
		<dict>
			<key>fileRef</key>
			<string>BE1F310E1DA0B5FA002C4844</string>
			<key>isa</key>
			<string>PBXBuildFile</string>
		</dict>
		<key>BE1F312C1DA0B5FA002C4844</key>
		<dict>
			<key>fileRef</key>
			<string>BE1F310F1DA0B5FA002C4844</string>
			<key>isa</key>
			<string>PBXBuildFile</string>
		</dict>
		<key>BE1F312D1DA0B5FA002C4844</key>
		<dict>
			<key>fileRef</key>
			<string>BE1F31101DA0B5FA002C4844</string>
			<key>isa</key>
			<string>PBXBuildFile</string>
		</dict>
		<key>BE1F312E1DA0B5FA002C4844</key>
		<dict>
			<key>fileRef</key>
			<string>BE1F31111DA0B5FA002C4844</string>
			<key>isa</key>
			<string>PBXBuildFile</string>
		</dict>
		<key>BE1F312F1DA0B5FA002C4844</key>
		<dict>
			<key>fileRef</key>
			<string>BE1F31121DA0B5FA002C4844</string>
			<key>isa</key>
			<string>PBXBuildFile</string>
		</dict>
		<key>BE1F31301DA0B5FA002C4844</key>
		<dict>
			<key>fileRef</key>
			<string>BE1F31131DA0B5FA002C4844</string>
			<key>isa</key>
			<string>PBXBuildFile</string>
		</dict>
		<key>BE1F31311DA0B5FA002C4844</key>
		<dict>
			<key>fileRef</key>
			<string>BE1F31141DA0B5FA002C4844</string>
			<key>isa</key>
			<string>PBXBuildFile</string>
		</dict>
		<key>BE1F31321DA0BD0F002C4844</key>
		<dict>
			<key>children</key>
			<array>
				<string>BE1F30F61DA0B5FA002C4844</string>
				<string>BE1F310E1DA0B5FA002C4844</string>
				<string>BE1F30FF1DA0B5FA002C4844</string>
				<string>BE1F30FB1DA0B5FA002C4844</string>
				<string>BE1F30FC1DA0B5FA002C4844</string>
				<string>BE1F310D1DA0B5FA002C4844</string>
				<string>BE1F310B1DA0B5FA002C4844</string>
				<string>BE1F30FE1DA0B5FA002C4844</string>
				<string>BE1F31081DA0B5FA002C4844</string>
				<string>BE1F310C1DA0B5FA002C4844</string>
				<string>BE1F310A1DA0B5FA002C4844</string>
				<string>BE1F30FD1DA0B5FA002C4844</string>
				<string>BE1F313A1DA0C30D002C4844</string>
				<string>BE1F31361DA0BE4B002C4844</string>
				<string>BE1F31381DA0BE5A002C4844</string>
			</array>
			<key>isa</key>
			<string>PBXGroup</string>
			<key>name</key>
			<string>Models</string>
			<key>sourceTree</key>
			<string>&lt;group&gt;</string>
		</dict>
		<key>BE1F31331DA0BD17002C4844</key>
		<dict>
			<key>children</key>
			<array>
				<string>BE1F31131DA0B5FA002C4844</string>
				<string>BE1F310F1DA0B5FA002C4844</string>
				<string>BE1F30F71DA0B5FA002C4844</string>
				<string>BE1F31111DA0B5FA002C4844</string>
				<string>BE1F31001DA0B5FA002C4844</string>
				<string>BE1F30F91DA0B5FA002C4844</string>
				<string>BE1F31121DA0B5FA002C4844</string>
				<string>BE1F31101DA0B5FA002C4844</string>
				<string>BE1F30FA1DA0B5FA002C4844</string>
				<string>BE1F30F81DA0B5FA002C4844</string>
			</array>
			<key>isa</key>
			<string>PBXGroup</string>
			<key>name</key>
			<string>TableCells</string>
			<key>sourceTree</key>
			<string>&lt;group&gt;</string>
		</dict>
		<key>BE1F31341DA0BD77002C4844</key>
		<dict>
			<key>children</key>
			<array>
				<string>BE1F31061DA0B5FA002C4844</string>
			</array>
			<key>isa</key>
			<string>PBXGroup</string>
			<key>name</key>
			<string>ViewControllers</string>
			<key>sourceTree</key>
			<string>&lt;group&gt;</string>
		</dict>
		<key>BE1F31351DA0BD91002C4844</key>
		<dict>
			<key>children</key>
			<array>
				<string>BEDE47C01DA0B510009B165C</string>
				<string>BEDE47C81DA0B510009B165C</string>
			</array>
			<key>isa</key>
			<string>PBXGroup</string>
			<key>name</key>
			<string>Storyboards</string>
			<key>sourceTree</key>
			<string>&lt;group&gt;</string>
		</dict>
		<key>BE1F31361DA0BE4B002C4844</key>
		<dict>
			<key>fileEncoding</key>
			<string>4</string>
			<key>isa</key>
			<string>PBXFileReference</string>
			<key>lastKnownFileType</key>
			<string>sourcecode.swift</string>
			<key>path</key>
			<string>StringContents.swift</string>
			<key>sourceTree</key>
			<string>&lt;group&gt;</string>
		</dict>
		<key>BE1F31371DA0BE4B002C4844</key>
		<dict>
			<key>fileRef</key>
			<string>BE1F31361DA0BE4B002C4844</string>
			<key>isa</key>
			<string>PBXBuildFile</string>
		</dict>
		<key>BE1F31381DA0BE5A002C4844</key>
		<dict>
			<key>fileEncoding</key>
			<string>4</string>
			<key>isa</key>
			<string>PBXFileReference</string>
			<key>lastKnownFileType</key>
			<string>sourcecode.swift</string>
			<key>path</key>
			<string>UrlContents.swift</string>
			<key>sourceTree</key>
			<string>&lt;group&gt;</string>
		</dict>
		<key>BE1F31391DA0BE5A002C4844</key>
		<dict>
			<key>fileRef</key>
			<string>BE1F31381DA0BE5A002C4844</string>
			<key>isa</key>
			<string>PBXBuildFile</string>
		</dict>
		<key>BE1F313A1DA0C30D002C4844</key>
		<dict>
			<key>fileEncoding</key>
			<string>4</string>
			<key>isa</key>
			<string>PBXFileReference</string>
			<key>lastKnownFileType</key>
			<string>sourcecode.swift</string>
			<key>path</key>
			<string>BaseContents.swift</string>
			<key>sourceTree</key>
			<string>&lt;group&gt;</string>
		</dict>
		<key>BE1F313B1DA0C30D002C4844</key>
		<dict>
			<key>fileRef</key>
			<string>BE1F313A1DA0C30D002C4844</string>
			<key>isa</key>
			<string>PBXBuildFile</string>
		</dict>
		<key>BEDE47B01DA0B510009B165C</key>
		<dict>
			<key>children</key>
			<array>
				<string>BEDE47BB1DA0B510009B165C</string>
				<string>BEDE47D31DA0B510009B165C</string>
				<string>BEDE47DE1DA0B510009B165C</string>
				<string>BEDE47BA1DA0B510009B165C</string>
				<string>B435FBBC939B37EC836B4B1B</string>
				<string>2A6A603F006B56612AD36C68</string>
			</array>
			<key>isa</key>
			<string>PBXGroup</string>
			<key>sourceTree</key>
			<string>&lt;group&gt;</string>
		</dict>
		<key>BEDE47B11DA0B510009B165C</key>
		<dict>
			<key>attributes</key>
			<dict>
				<key>LastSwiftUpdateCheck</key>
				<string>0800</string>
				<key>LastUpgradeCheck</key>
				<string>0800</string>
				<key>ORGANIZATIONNAME</key>
				<string>Will Richardson</string>
				<key>TargetAttributes</key>
				<dict>
					<key>BEDE47B81DA0B510009B165C</key>
					<dict>
						<key>CreatedOnToolsVersion</key>
						<string>8.0</string>
						<key>DevelopmentTeam</key>
						<string>E5VP7Z6X7Y</string>
						<key>ProvisioningStyle</key>
						<string>Automatic</string>
					</dict>
					<key>BEDE47CF1DA0B510009B165C</key>
					<dict>
						<key>CreatedOnToolsVersion</key>
						<string>8.0</string>
						<key>DevelopmentTeam</key>
						<string>E5VP7Z6X7Y</string>
						<key>ProvisioningStyle</key>
						<string>Automatic</string>
						<key>TestTargetID</key>
						<string>BEDE47B81DA0B510009B165C</string>
					</dict>
					<key>BEDE47DA1DA0B510009B165C</key>
					<dict>
						<key>CreatedOnToolsVersion</key>
						<string>8.0</string>
						<key>DevelopmentTeam</key>
						<string>E5VP7Z6X7Y</string>
						<key>ProvisioningStyle</key>
						<string>Automatic</string>
						<key>TestTargetID</key>
						<string>BEDE47B81DA0B510009B165C</string>
					</dict>
				</dict>
			</dict>
			<key>buildConfigurationList</key>
			<string>BEDE47B41DA0B510009B165C</string>
			<key>compatibilityVersion</key>
			<string>Xcode 3.2</string>
			<key>developmentRegion</key>
			<string>English</string>
			<key>hasScannedForEncodings</key>
			<string>0</string>
			<key>isa</key>
			<string>PBXProject</string>
			<key>knownRegions</key>
			<array>
				<string>en</string>
				<string>Base</string>
			</array>
			<key>mainGroup</key>
			<string>BEDE47B01DA0B510009B165C</string>
			<key>productRefGroup</key>
			<string>BEDE47BA1DA0B510009B165C</string>
			<key>projectDirPath</key>
			<string></string>
			<key>projectReferences</key>
			<array/>
			<key>projectRoot</key>
			<string></string>
			<key>targets</key>
			<array>
				<string>BEDE47B81DA0B510009B165C</string>
				<string>BEDE47CF1DA0B510009B165C</string>
				<string>BEDE47DA1DA0B510009B165C</string>
			</array>
		</dict>
		<key>BEDE47B41DA0B510009B165C</key>
		<dict>
			<key>buildConfigurations</key>
			<array>
				<string>BEDE47E21DA0B510009B165C</string>
				<string>BEDE47E31DA0B510009B165C</string>
			</array>
			<key>defaultConfigurationIsVisible</key>
			<string>0</string>
			<key>defaultConfigurationName</key>
			<string>Release</string>
			<key>isa</key>
			<string>XCConfigurationList</string>
		</dict>
		<key>BEDE47B51DA0B510009B165C</key>
		<dict>
			<key>buildActionMask</key>
			<string>2147483647</string>
			<key>files</key>
			<array>
				<string>BE1F312E1DA0B5FA002C4844</string>
				<string>BE1F311E1DA0B5FA002C4844</string>
				<string>BE1F31281DA0B5FA002C4844</string>
				<string>BE1F31271DA0B5FA002C4844</string>
				<string>BE1F31291DA0B5FA002C4844</string>
				<string>BE1F31201DA0B5FA002C4844</string>
				<string>BE1F313B1DA0C30D002C4844</string>
				<string>BE1F312F1DA0B5FA002C4844</string>
				<string>BEDE47BD1DA0B510009B165C</string>
				<string>BE1F311C1DA0B5FA002C4844</string>
				<string>BE1F31191DA0B5FA002C4844</string>
				<string>BE1F311D1DA0B5FA002C4844</string>
				<string>BE1F312D1DA0B5FA002C4844</string>
				<string>BE1F311F1DA0B5FA002C4844</string>
				<string>BEDE47C51DA0B510009B165C</string>
				<string>BE1F31181DA0B5FA002C4844</string>
				<string>BE1F31171DA0B5FA002C4844</string>
				<string>BE1F31371DA0BE4B002C4844</string>
				<string>BE1F31251DA0B5FA002C4844</string>
				<string>BE1F311A1DA0B5FA002C4844</string>
				<string>BE1F31161DA0B5FA002C4844</string>
				<string>BE1F311B1DA0B5FA002C4844</string>
				<string>BE1F31231DA0B5FA002C4844</string>
				<string>BE1F312A1DA0B5FA002C4844</string>
				<string>BE1F312B1DA0B5FA002C4844</string>
				<string>BE1F31301DA0B5FA002C4844</string>
				<string>BE1F31391DA0BE5A002C4844</string>
				<string>BE1F312C1DA0B5FA002C4844</string>
			</array>
			<key>isa</key>
			<string>PBXSourcesBuildPhase</string>
			<key>runOnlyForDeploymentPostprocessing</key>
			<string>0</string>
		</dict>
		<key>BEDE47B61DA0B510009B165C</key>
		<dict>
			<key>buildActionMask</key>
			<string>2147483647</string>
			<key>files</key>
			<array>
				<string>854B5CC7FAC216D426B4C3A2</string>
			</array>
			<key>isa</key>
			<string>PBXFrameworksBuildPhase</string>
			<key>runOnlyForDeploymentPostprocessing</key>
			<string>0</string>
		</dict>
		<key>BEDE47B71DA0B510009B165C</key>
		<dict>
			<key>buildActionMask</key>
			<string>2147483647</string>
			<key>files</key>
			<array>
				<string>BEDE47CA1DA0B510009B165C</string>
				<string>BE1F31261DA0B5FA002C4844</string>
				<string>BE1F31241DA0B5FA002C4844</string>
				<string>BE1F31221DA0B5FA002C4844</string>
				<string>BE1F31211DA0B5FA002C4844</string>
				<string>BEDE47C71DA0B510009B165C</string>
				<string>BE1F31311DA0B5FA002C4844</string>
				<string>BEDE47C21DA0B510009B165C</string>
			</array>
			<key>isa</key>
			<string>PBXResourcesBuildPhase</string>
			<key>runOnlyForDeploymentPostprocessing</key>
			<string>0</string>
		</dict>
		<key>BEDE47B81DA0B510009B165C</key>
		<dict>
			<key>buildConfigurationList</key>
			<string>BEDE47E41DA0B510009B165C</string>
			<key>buildPhases</key>
			<array>
				<string>2B70238596A38C8388DA1F58</string>
				<string>BEDE47B51DA0B510009B165C</string>
				<string>BEDE47B61DA0B510009B165C</string>
				<string>BEDE47B71DA0B510009B165C</string>
				<string>10EE69813191FBDA529562FA</string>
				<string>10A6A998B1FF9559970DFAF2</string>
			</array>
			<key>buildRules</key>
			<array/>
			<key>dependencies</key>
			<array/>
			<key>isa</key>
			<string>PBXNativeTarget</string>
			<key>name</key>
			<string>Accessibility_Training</string>
			<key>productName</key>
			<string>Accessibility_Training</string>
			<key>productReference</key>
			<string>BEDE47B91DA0B510009B165C</string>
			<key>productType</key>
			<string>com.apple.product-type.application</string>
		</dict>
		<key>BEDE47B91DA0B510009B165C</key>
		<dict>
			<key>explicitFileType</key>
			<string>wrapper.application</string>
			<key>includeInIndex</key>
			<string>0</string>
			<key>isa</key>
			<string>PBXFileReference</string>
			<key>path</key>
			<string>Accessibility_Training.app</string>
			<key>sourceTree</key>
			<string>BUILT_PRODUCTS_DIR</string>
		</dict>
		<key>BEDE47BA1DA0B510009B165C</key>
		<dict>
			<key>children</key>
			<array>
				<string>BEDE47B91DA0B510009B165C</string>
				<string>BEDE47D01DA0B510009B165C</string>
				<string>BEDE47DB1DA0B510009B165C</string>
			</array>
			<key>isa</key>
			<string>PBXGroup</string>
			<key>name</key>
			<string>Products</string>
			<key>sourceTree</key>
			<string>&lt;group&gt;</string>
		</dict>
		<key>BEDE47BB1DA0B510009B165C</key>
		<dict>
			<key>children</key>
			<array>
				<string>BE1F31341DA0BD77002C4844</string>
				<string>BE1F31321DA0BD0F002C4844</string>
				<string>BE1F31331DA0BD17002C4844</string>
				<string>BE1F31011DA0B5FA002C4844</string>
				<string>BE1F31351DA0BD91002C4844</string>
				<string>BE1F31071DA0B5FA002C4844</string>
				<string>BE1F31091DA0B5FA002C4844</string>
				<string>BE1F31141DA0B5FA002C4844</string>
				<string>BEDE47BC1DA0B510009B165C</string>
				<string>BEDE47C61DA0B510009B165C</string>
				<string>BEDE47CB1DA0B510009B165C</string>
				<string>BEDE47C31DA0B510009B165C</string>
			</array>
			<key>isa</key>
			<string>PBXGroup</string>
			<key>path</key>
			<string>Accessibility_Training</string>
			<key>sourceTree</key>
			<string>&lt;group&gt;</string>
		</dict>
		<key>BEDE47BC1DA0B510009B165C</key>
		<dict>
			<key>isa</key>
			<string>PBXFileReference</string>
			<key>lastKnownFileType</key>
			<string>sourcecode.swift</string>
			<key>path</key>
			<string>AppDelegate.swift</string>
			<key>sourceTree</key>
			<string>&lt;group&gt;</string>
		</dict>
		<key>BEDE47BD1DA0B510009B165C</key>
		<dict>
			<key>fileRef</key>
			<string>BEDE47BC1DA0B510009B165C</string>
			<key>isa</key>
			<string>PBXBuildFile</string>
		</dict>
		<key>BEDE47C01DA0B510009B165C</key>
		<dict>
			<key>children</key>
			<array>
				<string>BEDE47C11DA0B510009B165C</string>
			</array>
			<key>isa</key>
			<string>PBXVariantGroup</string>
			<key>name</key>
			<string>Main.storyboard</string>
			<key>sourceTree</key>
			<string>&lt;group&gt;</string>
		</dict>
		<key>BEDE47C11DA0B510009B165C</key>
		<dict>
			<key>isa</key>
			<string>PBXFileReference</string>
			<key>lastKnownFileType</key>
			<string>file.storyboard</string>
			<key>name</key>
			<string>Base</string>
			<key>path</key>
			<string>Base.lproj/Main.storyboard</string>
			<key>sourceTree</key>
			<string>&lt;group&gt;</string>
		</dict>
		<key>BEDE47C21DA0B510009B165C</key>
		<dict>
			<key>fileRef</key>
			<string>BEDE47C01DA0B510009B165C</string>
			<key>isa</key>
			<string>PBXBuildFile</string>
		</dict>
		<key>BEDE47C31DA0B510009B165C</key>
		<dict>
			<key>children</key>
			<array>
				<string>BEDE47C41DA0B510009B165C</string>
			</array>
			<key>currentVersion</key>
			<string>BEDE47C41DA0B510009B165C</string>
			<key>isa</key>
			<string>XCVersionGroup</string>
			<key>path</key>
			<string>Accessibility_Training.xcdatamodeld</string>
			<key>sourceTree</key>
			<string>&lt;group&gt;</string>
			<key>versionGroupType</key>
			<string>wrapper.xcdatamodel</string>
		</dict>
		<key>BEDE47C41DA0B510009B165C</key>
		<dict>
			<key>isa</key>
			<string>PBXFileReference</string>
			<key>lastKnownFileType</key>
			<string>wrapper.xcdatamodel</string>
			<key>path</key>
			<string>Accessibility_Training.xcdatamodel</string>
			<key>sourceTree</key>
			<string>&lt;group&gt;</string>
		</dict>
		<key>BEDE47C51DA0B510009B165C</key>
		<dict>
			<key>fileRef</key>
			<string>BEDE47C31DA0B510009B165C</string>
			<key>isa</key>
			<string>PBXBuildFile</string>
		</dict>
		<key>BEDE47C61DA0B510009B165C</key>
		<dict>
			<key>isa</key>
			<string>PBXFileReference</string>
			<key>lastKnownFileType</key>
			<string>folder.assetcatalog</string>
			<key>path</key>
			<string>Assets.xcassets</string>
			<key>sourceTree</key>
			<string>&lt;group&gt;</string>
		</dict>
		<key>BEDE47C71DA0B510009B165C</key>
		<dict>
			<key>fileRef</key>
			<string>BEDE47C61DA0B510009B165C</string>
			<key>isa</key>
			<string>PBXBuildFile</string>
		</dict>
		<key>BEDE47C81DA0B510009B165C</key>
		<dict>
			<key>children</key>
			<array>
				<string>BEDE47C91DA0B510009B165C</string>
			</array>
			<key>isa</key>
			<string>PBXVariantGroup</string>
			<key>name</key>
			<string>LaunchScreen.storyboard</string>
			<key>sourceTree</key>
			<string>&lt;group&gt;</string>
		</dict>
		<key>BEDE47C91DA0B510009B165C</key>
		<dict>
			<key>isa</key>
			<string>PBXFileReference</string>
			<key>lastKnownFileType</key>
			<string>file.storyboard</string>
			<key>name</key>
			<string>Base</string>
			<key>path</key>
			<string>Base.lproj/LaunchScreen.storyboard</string>
			<key>sourceTree</key>
			<string>&lt;group&gt;</string>
		</dict>
		<key>BEDE47CA1DA0B510009B165C</key>
		<dict>
			<key>fileRef</key>
			<string>BEDE47C81DA0B510009B165C</string>
			<key>isa</key>
			<string>PBXBuildFile</string>
		</dict>
		<key>BEDE47CB1DA0B510009B165C</key>
		<dict>
			<key>isa</key>
			<string>PBXFileReference</string>
			<key>lastKnownFileType</key>
			<string>text.plist.xml</string>
			<key>path</key>
			<string>Info.plist</string>
			<key>sourceTree</key>
			<string>&lt;group&gt;</string>
		</dict>
		<key>BEDE47CC1DA0B510009B165C</key>
		<dict>
			<key>buildActionMask</key>
			<string>2147483647</string>
			<key>files</key>
			<array>
				<string>BEDE47D51DA0B510009B165C</string>
			</array>
			<key>isa</key>
			<string>PBXSourcesBuildPhase</string>
			<key>runOnlyForDeploymentPostprocessing</key>
			<string>0</string>
		</dict>
		<key>BEDE47CD1DA0B510009B165C</key>
		<dict>
			<key>buildActionMask</key>
			<string>2147483647</string>
			<key>files</key>
			<array>
				<string>FA20EA17D827AC244A799542</string>
			</array>
			<key>isa</key>
			<string>PBXFrameworksBuildPhase</string>
			<key>runOnlyForDeploymentPostprocessing</key>
			<string>0</string>
		</dict>
		<key>BEDE47CE1DA0B510009B165C</key>
		<dict>
			<key>buildActionMask</key>
			<string>2147483647</string>
			<key>files</key>
			<array/>
			<key>isa</key>
			<string>PBXResourcesBuildPhase</string>
			<key>runOnlyForDeploymentPostprocessing</key>
			<string>0</string>
		</dict>
		<key>BEDE47CF1DA0B510009B165C</key>
		<dict>
			<key>buildConfigurationList</key>
			<string>BEDE47E71DA0B510009B165C</string>
			<key>buildPhases</key>
			<array>
				<string>45CF35707D31E11A65746DA0</string>
				<string>BEDE47CC1DA0B510009B165C</string>
				<string>BEDE47CD1DA0B510009B165C</string>
				<string>BEDE47CE1DA0B510009B165C</string>
				<string>0D04353C1A31C4C6E04BDAC3</string>
				<string>930067A5EF556CD650A26F3F</string>
			</array>
			<key>buildRules</key>
			<array/>
			<key>dependencies</key>
			<array>
				<string>BEDE47D21DA0B510009B165C</string>
			</array>
			<key>isa</key>
			<string>PBXNativeTarget</string>
			<key>name</key>
			<string>Accessibility_TrainingTests</string>
			<key>productName</key>
			<string>Accessibility_TrainingTests</string>
			<key>productReference</key>
			<string>BEDE47D01DA0B510009B165C</string>
			<key>productType</key>
			<string>com.apple.product-type.bundle.unit-test</string>
		</dict>
		<key>BEDE47D01DA0B510009B165C</key>
		<dict>
			<key>explicitFileType</key>
			<string>wrapper.cfbundle</string>
			<key>includeInIndex</key>
			<string>0</string>
			<key>isa</key>
			<string>PBXFileReference</string>
			<key>path</key>
			<string>Accessibility_TrainingTests.xctest</string>
			<key>sourceTree</key>
			<string>BUILT_PRODUCTS_DIR</string>
		</dict>
		<key>BEDE47D11DA0B510009B165C</key>
		<dict>
			<key>containerPortal</key>
			<string>BEDE47B11DA0B510009B165C</string>
			<key>isa</key>
			<string>PBXContainerItemProxy</string>
			<key>proxyType</key>
			<string>1</string>
			<key>remoteGlobalIDString</key>
			<string>BEDE47B81DA0B510009B165C</string>
			<key>remoteInfo</key>
			<string>Accessibility_Training</string>
		</dict>
		<key>BEDE47D21DA0B510009B165C</key>
		<dict>
			<key>isa</key>
			<string>PBXTargetDependency</string>
			<key>target</key>
			<string>BEDE47B81DA0B510009B165C</string>
			<key>targetProxy</key>
			<string>BEDE47D11DA0B510009B165C</string>
		</dict>
		<key>BEDE47D31DA0B510009B165C</key>
		<dict>
			<key>children</key>
			<array>
				<string>BEDE47D41DA0B510009B165C</string>
				<string>BEDE47D61DA0B510009B165C</string>
			</array>
			<key>isa</key>
			<string>PBXGroup</string>
			<key>path</key>
			<string>Accessibility_TrainingTests</string>
			<key>sourceTree</key>
			<string>&lt;group&gt;</string>
		</dict>
		<key>BEDE47D41DA0B510009B165C</key>
		<dict>
			<key>isa</key>
			<string>PBXFileReference</string>
			<key>lastKnownFileType</key>
			<string>sourcecode.swift</string>
			<key>path</key>
			<string>Accessibility_TrainingTests.swift</string>
			<key>sourceTree</key>
			<string>&lt;group&gt;</string>
		</dict>
		<key>BEDE47D51DA0B510009B165C</key>
		<dict>
			<key>fileRef</key>
			<string>BEDE47D41DA0B510009B165C</string>
			<key>isa</key>
			<string>PBXBuildFile</string>
		</dict>
		<key>BEDE47D61DA0B510009B165C</key>
		<dict>
			<key>isa</key>
			<string>PBXFileReference</string>
			<key>lastKnownFileType</key>
			<string>text.plist.xml</string>
			<key>path</key>
			<string>Info.plist</string>
			<key>sourceTree</key>
			<string>&lt;group&gt;</string>
		</dict>
		<key>BEDE47D71DA0B510009B165C</key>
		<dict>
			<key>buildActionMask</key>
			<string>2147483647</string>
			<key>files</key>
			<array>
				<string>BEDE47E01DA0B510009B165C</string>
			</array>
			<key>isa</key>
			<string>PBXSourcesBuildPhase</string>
			<key>runOnlyForDeploymentPostprocessing</key>
			<string>0</string>
		</dict>
		<key>BEDE47D81DA0B510009B165C</key>
		<dict>
			<key>buildActionMask</key>
			<string>2147483647</string>
			<key>files</key>
			<array>
				<string>F28511B648BFE14AAF67669F</string>
			</array>
			<key>isa</key>
			<string>PBXFrameworksBuildPhase</string>
			<key>runOnlyForDeploymentPostprocessing</key>
			<string>0</string>
		</dict>
		<key>BEDE47D91DA0B510009B165C</key>
		<dict>
			<key>buildActionMask</key>
			<string>2147483647</string>
			<key>files</key>
			<array/>
			<key>isa</key>
			<string>PBXResourcesBuildPhase</string>
			<key>runOnlyForDeploymentPostprocessing</key>
			<string>0</string>
		</dict>
		<key>BEDE47DA1DA0B510009B165C</key>
		<dict>
			<key>buildConfigurationList</key>
			<string>BEDE47EA1DA0B510009B165C</string>
			<key>buildPhases</key>
			<array>
				<string>DAF58F5C02954D0F88808533</string>
				<string>BEDE47D71DA0B510009B165C</string>
				<string>BEDE47D81DA0B510009B165C</string>
				<string>BEDE47D91DA0B510009B165C</string>
				<string>162483F66322D7240F739612</string>
			</array>
			<key>buildRules</key>
			<array/>
			<key>dependencies</key>
			<array>
				<string>BEDE47DD1DA0B510009B165C</string>
			</array>
			<key>isa</key>
			<string>PBXNativeTarget</string>
			<key>name</key>
			<string>Accessibility_TrainingUITests</string>
			<key>productName</key>
			<string>Accessibility_TrainingUITests</string>
			<key>productReference</key>
			<string>BEDE47DB1DA0B510009B165C</string>
			<key>productType</key>
			<string>com.apple.product-type.bundle.ui-testing</string>
		</dict>
		<key>BEDE47DB1DA0B510009B165C</key>
		<dict>
			<key>explicitFileType</key>
			<string>wrapper.cfbundle</string>
			<key>includeInIndex</key>
			<string>0</string>
			<key>isa</key>
			<string>PBXFileReference</string>
			<key>path</key>
			<string>Accessibility_TrainingUITests.xctest</string>
			<key>sourceTree</key>
			<string>BUILT_PRODUCTS_DIR</string>
		</dict>
		<key>BEDE47DC1DA0B510009B165C</key>
		<dict>
			<key>containerPortal</key>
			<string>BEDE47B11DA0B510009B165C</string>
			<key>isa</key>
			<string>PBXContainerItemProxy</string>
			<key>proxyType</key>
			<string>1</string>
			<key>remoteGlobalIDString</key>
			<string>BEDE47B81DA0B510009B165C</string>
			<key>remoteInfo</key>
			<string>Accessibility_Training</string>
		</dict>
		<key>BEDE47DD1DA0B510009B165C</key>
		<dict>
			<key>isa</key>
			<string>PBXTargetDependency</string>
			<key>target</key>
			<string>BEDE47B81DA0B510009B165C</string>
			<key>targetProxy</key>
			<string>BEDE47DC1DA0B510009B165C</string>
		</dict>
		<key>BEDE47DE1DA0B510009B165C</key>
		<dict>
			<key>children</key>
			<array>
				<string>BEDE47DF1DA0B510009B165C</string>
				<string>BEDE47E11DA0B510009B165C</string>
			</array>
			<key>isa</key>
			<string>PBXGroup</string>
			<key>path</key>
			<string>Accessibility_TrainingUITests</string>
			<key>sourceTree</key>
			<string>&lt;group&gt;</string>
		</dict>
		<key>BEDE47DF1DA0B510009B165C</key>
		<dict>
			<key>isa</key>
			<string>PBXFileReference</string>
			<key>lastKnownFileType</key>
			<string>sourcecode.swift</string>
			<key>path</key>
			<string>Accessibility_TrainingUITests.swift</string>
			<key>sourceTree</key>
			<string>&lt;group&gt;</string>
		</dict>
		<key>BEDE47E01DA0B510009B165C</key>
		<dict>
			<key>fileRef</key>
			<string>BEDE47DF1DA0B510009B165C</string>
			<key>isa</key>
			<string>PBXBuildFile</string>
		</dict>
		<key>BEDE47E11DA0B510009B165C</key>
		<dict>
			<key>isa</key>
			<string>PBXFileReference</string>
			<key>lastKnownFileType</key>
			<string>text.plist.xml</string>
			<key>path</key>
			<string>Info.plist</string>
			<key>sourceTree</key>
			<string>&lt;group&gt;</string>
		</dict>
		<key>BEDE47E21DA0B510009B165C</key>
		<dict>
			<key>buildSettings</key>
			<dict>
				<key>ALWAYS_SEARCH_USER_PATHS</key>
				<string>NO</string>
				<key>CLANG_ANALYZER_NONNULL</key>
				<string>YES</string>
				<key>CLANG_CXX_LANGUAGE_STANDARD</key>
				<string>gnu++0x</string>
				<key>CLANG_CXX_LIBRARY</key>
				<string>libc++</string>
				<key>CLANG_ENABLE_MODULES</key>
				<string>YES</string>
				<key>CLANG_ENABLE_OBJC_ARC</key>
				<string>YES</string>
				<key>CLANG_WARN_BOOL_CONVERSION</key>
				<string>YES</string>
				<key>CLANG_WARN_CONSTANT_CONVERSION</key>
				<string>YES</string>
				<key>CLANG_WARN_DIRECT_OBJC_ISA_USAGE</key>
				<string>YES_ERROR</string>
				<key>CLANG_WARN_DOCUMENTATION_COMMENTS</key>
				<string>YES</string>
				<key>CLANG_WARN_EMPTY_BODY</key>
				<string>YES</string>
				<key>CLANG_WARN_ENUM_CONVERSION</key>
				<string>YES</string>
				<key>CLANG_WARN_INFINITE_RECURSION</key>
				<string>YES</string>
				<key>CLANG_WARN_INT_CONVERSION</key>
				<string>YES</string>
				<key>CLANG_WARN_OBJC_ROOT_CLASS</key>
				<string>YES_ERROR</string>
				<key>CLANG_WARN_SUSPICIOUS_MOVES</key>
				<string>YES</string>
				<key>CLANG_WARN_UNREACHABLE_CODE</key>
				<string>YES</string>
				<key>CLANG_WARN__DUPLICATE_METHOD_MATCH</key>
				<string>YES</string>
				<key>CODE_SIGN_IDENTITY[sdk=iphoneos*]</key>
				<string>iPhone Developer</string>
				<key>COPY_PHASE_STRIP</key>
				<string>NO</string>
				<key>DEBUG_INFORMATION_FORMAT</key>
				<string>dwarf</string>
				<key>ENABLE_STRICT_OBJC_MSGSEND</key>
				<string>YES</string>
				<key>ENABLE_TESTABILITY</key>
				<string>YES</string>
				<key>GCC_C_LANGUAGE_STANDARD</key>
				<string>gnu99</string>
				<key>GCC_DYNAMIC_NO_PIC</key>
				<string>NO</string>
				<key>GCC_NO_COMMON_BLOCKS</key>
				<string>YES</string>
				<key>GCC_OPTIMIZATION_LEVEL</key>
				<string>0</string>
				<key>GCC_PREPROCESSOR_DEFINITIONS</key>
				<array>
					<string>DEBUG=1</string>
					<string>$(inherited)</string>
				</array>
				<key>GCC_WARN_64_TO_32_BIT_CONVERSION</key>
				<string>YES</string>
				<key>GCC_WARN_ABOUT_RETURN_TYPE</key>
				<string>YES_ERROR</string>
				<key>GCC_WARN_UNDECLARED_SELECTOR</key>
				<string>YES</string>
				<key>GCC_WARN_UNINITIALIZED_AUTOS</key>
				<string>YES_AGGRESSIVE</string>
				<key>GCC_WARN_UNUSED_FUNCTION</key>
				<string>YES</string>
				<key>GCC_WARN_UNUSED_VARIABLE</key>
				<string>YES</string>
				<key>IPHONEOS_DEPLOYMENT_TARGET</key>
				<string>10.0</string>
				<key>MTL_ENABLE_DEBUG_INFO</key>
				<string>YES</string>
				<key>ONLY_ACTIVE_ARCH</key>
				<string>YES</string>
				<key>SDKROOT</key>
				<string>iphoneos</string>
				<key>SWIFT_ACTIVE_COMPILATION_CONDITIONS</key>
				<string>DEBUG</string>
				<key>SWIFT_OPTIMIZATION_LEVEL</key>
				<string>-Onone</string>
				<key>TARGETED_DEVICE_FAMILY</key>
				<string>1,2</string>
			</dict>
			<key>isa</key>
			<string>XCBuildConfiguration</string>
			<key>name</key>
			<string>Debug</string>
		</dict>
		<key>BEDE47E31DA0B510009B165C</key>
		<dict>
			<key>buildSettings</key>
			<dict>
				<key>ALWAYS_SEARCH_USER_PATHS</key>
				<string>NO</string>
				<key>CLANG_ANALYZER_NONNULL</key>
				<string>YES</string>
				<key>CLANG_CXX_LANGUAGE_STANDARD</key>
				<string>gnu++0x</string>
				<key>CLANG_CXX_LIBRARY</key>
				<string>libc++</string>
				<key>CLANG_ENABLE_MODULES</key>
				<string>YES</string>
				<key>CLANG_ENABLE_OBJC_ARC</key>
				<string>YES</string>
				<key>CLANG_WARN_BOOL_CONVERSION</key>
				<string>YES</string>
				<key>CLANG_WARN_CONSTANT_CONVERSION</key>
				<string>YES</string>
				<key>CLANG_WARN_DIRECT_OBJC_ISA_USAGE</key>
				<string>YES_ERROR</string>
				<key>CLANG_WARN_DOCUMENTATION_COMMENTS</key>
				<string>YES</string>
				<key>CLANG_WARN_EMPTY_BODY</key>
				<string>YES</string>
				<key>CLANG_WARN_ENUM_CONVERSION</key>
				<string>YES</string>
				<key>CLANG_WARN_INFINITE_RECURSION</key>
				<string>YES</string>
				<key>CLANG_WARN_INT_CONVERSION</key>
				<string>YES</string>
				<key>CLANG_WARN_OBJC_ROOT_CLASS</key>
				<string>YES_ERROR</string>
				<key>CLANG_WARN_SUSPICIOUS_MOVES</key>
				<string>YES</string>
				<key>CLANG_WARN_UNREACHABLE_CODE</key>
				<string>YES</string>
				<key>CLANG_WARN__DUPLICATE_METHOD_MATCH</key>
				<string>YES</string>
				<key>CODE_SIGN_IDENTITY[sdk=iphoneos*]</key>
				<string>iPhone Developer</string>
				<key>COPY_PHASE_STRIP</key>
				<string>NO</string>
				<key>DEBUG_INFORMATION_FORMAT</key>
				<string>dwarf-with-dsym</string>
				<key>ENABLE_NS_ASSERTIONS</key>
				<string>NO</string>
				<key>ENABLE_STRICT_OBJC_MSGSEND</key>
				<string>YES</string>
				<key>GCC_C_LANGUAGE_STANDARD</key>
				<string>gnu99</string>
				<key>GCC_NO_COMMON_BLOCKS</key>
				<string>YES</string>
				<key>GCC_WARN_64_TO_32_BIT_CONVERSION</key>
				<string>YES</string>
				<key>GCC_WARN_ABOUT_RETURN_TYPE</key>
				<string>YES_ERROR</string>
				<key>GCC_WARN_UNDECLARED_SELECTOR</key>
				<string>YES</string>
				<key>GCC_WARN_UNINITIALIZED_AUTOS</key>
				<string>YES_AGGRESSIVE</string>
				<key>GCC_WARN_UNUSED_FUNCTION</key>
				<string>YES</string>
				<key>GCC_WARN_UNUSED_VARIABLE</key>
				<string>YES</string>
				<key>IPHONEOS_DEPLOYMENT_TARGET</key>
				<string>10.0</string>
				<key>MTL_ENABLE_DEBUG_INFO</key>
				<string>NO</string>
				<key>SDKROOT</key>
				<string>iphoneos</string>
				<key>SWIFT_OPTIMIZATION_LEVEL</key>
				<string>-Owholemodule</string>
				<key>TARGETED_DEVICE_FAMILY</key>
				<string>1,2</string>
				<key>VALIDATE_PRODUCT</key>
				<string>YES</string>
			</dict>
			<key>isa</key>
			<string>XCBuildConfiguration</string>
			<key>name</key>
			<string>Release</string>
		</dict>
		<key>BEDE47E41DA0B510009B165C</key>
		<dict>
			<key>buildConfigurations</key>
			<array>
				<string>BEDE47E51DA0B510009B165C</string>
				<string>BEDE47E61DA0B510009B165C</string>
			</array>
			<key>defaultConfigurationIsVisible</key>
			<string>0</string>
			<key>defaultConfigurationName</key>
			<string>Release</string>
			<key>isa</key>
			<string>XCConfigurationList</string>
		</dict>
		<key>BEDE47E51DA0B510009B165C</key>
		<dict>
			<key>baseConfigurationReference</key>
			<string>31A827A393E7C54F194821EC</string>
			<key>buildSettings</key>
			<dict>
				<key>ASSETCATALOG_COMPILER_APPICON_NAME</key>
				<string>AppIcon</string>
				<key>DEVELOPMENT_TEAM</key>
				<string>E5VP7Z6X7Y</string>
				<key>INFOPLIST_FILE</key>
				<string>Accessibility_Training/Info.plist</string>
				<key>IPHONEOS_DEPLOYMENT_TARGET</key>
				<string>8.0</string>
				<key>LD_RUNPATH_SEARCH_PATHS</key>
				<string>$(inherited) @executable_path/Frameworks</string>
				<key>PRODUCT_BUNDLE_IDENTIFIER</key>
				<string>io.bblox.accessibility.Accessibility-Training</string>
				<key>PRODUCT_NAME</key>
				<string>$(TARGET_NAME)</string>
				<key>SWIFT_VERSION</key>
				<string>3.0</string>
			</dict>
			<key>isa</key>
			<string>XCBuildConfiguration</string>
			<key>name</key>
			<string>Debug</string>
		</dict>
		<key>BEDE47E61DA0B510009B165C</key>
		<dict>
			<key>baseConfigurationReference</key>
			<string>708BE0274C767ECF9A88F56F</string>
			<key>buildSettings</key>
			<dict>
				<key>ASSETCATALOG_COMPILER_APPICON_NAME</key>
				<string>AppIcon</string>
				<key>DEVELOPMENT_TEAM</key>
				<string>E5VP7Z6X7Y</string>
				<key>INFOPLIST_FILE</key>
				<string>Accessibility_Training/Info.plist</string>
				<key>IPHONEOS_DEPLOYMENT_TARGET</key>
				<string>8.0</string>
				<key>LD_RUNPATH_SEARCH_PATHS</key>
				<string>$(inherited) @executable_path/Frameworks</string>
				<key>PRODUCT_BUNDLE_IDENTIFIER</key>
				<string>io.bblox.accessibility.Accessibility-Training</string>
				<key>PRODUCT_NAME</key>
				<string>$(TARGET_NAME)</string>
				<key>SWIFT_VERSION</key>
				<string>3.0</string>
			</dict>
			<key>isa</key>
			<string>XCBuildConfiguration</string>
			<key>name</key>
			<string>Release</string>
		</dict>
		<key>BEDE47E71DA0B510009B165C</key>
		<dict>
			<key>buildConfigurations</key>
			<array>
				<string>BEDE47E81DA0B510009B165C</string>
				<string>BEDE47E91DA0B510009B165C</string>
			</array>
			<key>defaultConfigurationIsVisible</key>
			<string>0</string>
			<key>defaultConfigurationName</key>
			<string>Release</string>
			<key>isa</key>
			<string>XCConfigurationList</string>
		</dict>
		<key>BEDE47E81DA0B510009B165C</key>
		<dict>
			<key>baseConfigurationReference</key>
			<string>4EA7BA69FF3CE823085851AC</string>
			<key>buildSettings</key>
			<dict>
				<key>ALWAYS_EMBED_SWIFT_STANDARD_LIBRARIES</key>
				<string>YES</string>
				<key>BUNDLE_LOADER</key>
				<string>$(TEST_HOST)</string>
				<key>DEVELOPMENT_TEAM</key>
				<string>E5VP7Z6X7Y</string>
				<key>INFOPLIST_FILE</key>
				<string>Accessibility_TrainingTests/Info.plist</string>
				<key>LD_RUNPATH_SEARCH_PATHS</key>
				<string>$(inherited) @executable_path/Frameworks @loader_path/Frameworks</string>
				<key>PRODUCT_BUNDLE_IDENTIFIER</key>
				<string>io.bblox.accessibility.Accessibility-TrainingTests</string>
				<key>PRODUCT_NAME</key>
				<string>$(TARGET_NAME)</string>
				<key>SWIFT_VERSION</key>
				<string>3.0</string>
				<key>TEST_HOST</key>
				<string>$(BUILT_PRODUCTS_DIR)/Accessibility_Training.app/Accessibility_Training</string>
			</dict>
			<key>isa</key>
			<string>XCBuildConfiguration</string>
			<key>name</key>
			<string>Debug</string>
		</dict>
		<key>BEDE47E91DA0B510009B165C</key>
		<dict>
			<key>baseConfigurationReference</key>
			<string>0FA741E427758D2B28D39A09</string>
			<key>buildSettings</key>
			<dict>
				<key>ALWAYS_EMBED_SWIFT_STANDARD_LIBRARIES</key>
				<string>YES</string>
				<key>BUNDLE_LOADER</key>
				<string>$(TEST_HOST)</string>
				<key>DEVELOPMENT_TEAM</key>
				<string>E5VP7Z6X7Y</string>
				<key>INFOPLIST_FILE</key>
				<string>Accessibility_TrainingTests/Info.plist</string>
				<key>LD_RUNPATH_SEARCH_PATHS</key>
				<string>$(inherited) @executable_path/Frameworks @loader_path/Frameworks</string>
				<key>PRODUCT_BUNDLE_IDENTIFIER</key>
				<string>io.bblox.accessibility.Accessibility-TrainingTests</string>
				<key>PRODUCT_NAME</key>
				<string>$(TARGET_NAME)</string>
				<key>SWIFT_VERSION</key>
				<string>3.0</string>
				<key>TEST_HOST</key>
				<string>$(BUILT_PRODUCTS_DIR)/Accessibility_Training.app/Accessibility_Training</string>
			</dict>
			<key>isa</key>
			<string>XCBuildConfiguration</string>
			<key>name</key>
			<string>Release</string>
		</dict>
		<key>BEDE47EA1DA0B510009B165C</key>
		<dict>
			<key>buildConfigurations</key>
			<array>
				<string>BEDE47EB1DA0B510009B165C</string>
				<string>BEDE47EC1DA0B510009B165C</string>
			</array>
			<key>defaultConfigurationIsVisible</key>
			<string>0</string>
			<key>defaultConfigurationName</key>
			<string>Release</string>
			<key>isa</key>
			<string>XCConfigurationList</string>
		</dict>
		<key>BEDE47EB1DA0B510009B165C</key>
		<dict>
			<key>baseConfigurationReference</key>
			<string>8549F2CCF7E07F98A5E97929</string>
			<key>buildSettings</key>
			<dict>
				<key>ALWAYS_EMBED_SWIFT_STANDARD_LIBRARIES</key>
				<string>YES</string>
				<key>DEVELOPMENT_TEAM</key>
				<string>E5VP7Z6X7Y</string>
				<key>INFOPLIST_FILE</key>
				<string>Accessibility_TrainingUITests/Info.plist</string>
				<key>LD_RUNPATH_SEARCH_PATHS</key>
				<string>$(inherited) @executable_path/Frameworks @loader_path/Frameworks</string>
				<key>PRODUCT_BUNDLE_IDENTIFIER</key>
				<string>io.bblox.accessibility.Accessibility-TrainingUITests</string>
				<key>PRODUCT_NAME</key>
				<string>$(TARGET_NAME)</string>
				<key>SWIFT_VERSION</key>
				<string>3.0</string>
				<key>TEST_TARGET_NAME</key>
				<string>Accessibility_Training</string>
			</dict>
			<key>isa</key>
			<string>XCBuildConfiguration</string>
			<key>name</key>
			<string>Debug</string>
		</dict>
		<key>BEDE47EC1DA0B510009B165C</key>
		<dict>
			<key>baseConfigurationReference</key>
			<string>1439284C14D5129B956DE4A9</string>
			<key>buildSettings</key>
			<dict>
				<key>ALWAYS_EMBED_SWIFT_STANDARD_LIBRARIES</key>
				<string>YES</string>
				<key>DEVELOPMENT_TEAM</key>
				<string>E5VP7Z6X7Y</string>
				<key>INFOPLIST_FILE</key>
				<string>Accessibility_TrainingUITests/Info.plist</string>
				<key>LD_RUNPATH_SEARCH_PATHS</key>
				<string>$(inherited) @executable_path/Frameworks @loader_path/Frameworks</string>
				<key>PRODUCT_BUNDLE_IDENTIFIER</key>
				<string>io.bblox.accessibility.Accessibility-TrainingUITests</string>
				<key>PRODUCT_NAME</key>
				<string>$(TARGET_NAME)</string>
				<key>SWIFT_VERSION</key>
				<string>3.0</string>
				<key>TEST_TARGET_NAME</key>
				<string>Accessibility_Training</string>
			</dict>
			<key>isa</key>
			<string>XCBuildConfiguration</string>
			<key>name</key>
			<string>Release</string>
		</dict>
		<key>DAF58F5C02954D0F88808533</key>
		<dict>
			<key>buildActionMask</key>
			<string>2147483647</string>
			<key>files</key>
			<array/>
			<key>inputPaths</key>
			<array/>
			<key>isa</key>
			<string>PBXShellScriptBuildPhase</string>
			<key>name</key>
			<string>[CP] Check Pods Manifest.lock</string>
			<key>outputPaths</key>
			<array/>
			<key>runOnlyForDeploymentPostprocessing</key>
			<string>0</string>
			<key>shellPath</key>
			<string>/bin/sh</string>
			<key>shellScript</key>
			<string>diff "${PODS_ROOT}/../Podfile.lock" "${PODS_ROOT}/Manifest.lock" &gt; /dev/null
if [[ $? != 0 ]] ; then
    cat &lt;&lt; EOM
error: The sandbox is not in sync with the Podfile.lock. Run 'pod install' or update your CocoaPods installation.
EOM
    exit 1
fi
</string>
			<key>showEnvVarsInLog</key>
			<string>0</string>
		</dict>
		<key>F28511B648BFE14AAF67669F</key>
		<dict>
			<key>fileRef</key>
			<string>2D9FD80BE2C9D2F941EE25B5</string>
			<key>isa</key>
			<string>PBXBuildFile</string>
		</dict>
		<key>FA20EA17D827AC244A799542</key>
		<dict>
			<key>fileRef</key>
			<string>A7E3E27E70F4BC8FC489AE7E</string>
			<key>isa</key>
			<string>PBXBuildFile</string>
		</dict>
	</dict>
	<key>rootObject</key>
	<string>BEDE47B11DA0B510009B165C</string>
</dict>
</plist>
